
Microsoft Visual Studio Solution File, Format Version 12.00
# Visual Studio Version 16
VisualStudioVersion = 16.0.29503.13
MinimumVisualStudioVersion = 10.0.40219.1
Project("{FAE04EC0-301F-11D3-BF4B-00C04F79EFBC}") = "AVR_Programer", "AVR_Programer\AVR_Programer.csproj", "{2339235C-DF81-479E-A5C4-3CB5491B5088}"
EndProject
Global
	GlobalSection(SolutionConfigurationPlatforms) = preSolution
		Debug|Any CPU = Debug|Any CPU
		Release|Any CPU = Release|Any CPU
	EndGlobalSection
	GlobalSection(ProjectConfigurationPlatforms) = postSolution
		{2339235C-DF81-479E-A5C4-3CB5491B5088}.Debug|Any CPU.ActiveCfg = Debug|Any CPU
		{2339235C-DF81-479E-A5C4-3CB5491B5088}.Debug|Any CPU.Build.0 = Debug|Any CPU
		{2339235C-DF81-479E-A5C4-3CB5491B5088}.Release|Any CPU.ActiveCfg = Release|Any CPU
		{2339235C-DF81-479E-A5C4-3CB5491B5088}.Release|Any CPU.Build.0 = Release|Any CPU
	EndGlobalSection
	GlobalSection(SolutionProperties) = preSolution
		HideSolutionNode = FALSE
	EndGlobalSection
	GlobalSection(ExtensibilityGlobals) = postSolution
		SolutionGuid = {5D69AD79-F79A-41F3-8BDE-3AB437E69CD8}
	EndGlobalSection
EndGlobal
